<?xml version="1.0" encoding="utf-8"?>
<Project ToolsVersion="4.0" xmlns="http://schemas.microsoft.com/developer/msbuild/2003">
  <ItemGroup>
    <Filter Include="Source Files">
      <UniqueIdentifier>{4FC737F1-C7A5-4376-A066-2A32D752A2FF}</UniqueIdentifier>
      <Extensions>cpp;c;cxx;def;odl;idl;hpj;bat;asm;asmx</Extensions>
    </Filter>
    <Filter Include="Header Files">
      <UniqueIdentifier>{93995380-89BD-4b04-88EB-625FBE52EBFB}</UniqueIdentifier>
      <Extensions>h;hpp;hxx;hm;inl;inc;xsd</Extensions>
    </Filter>
  </ItemGroup>
  <ItemGroup>
    <ClCompile Include="cData.cpp">
      <Filter>Source Files</Filter>
    </ClCompile>
    <ClCompile Include="cGame.cpp">
      <Filter>Source Files</Filter>
    </ClCompile>
    <ClCompile Include="cTexture.cpp">
      <Filter>Source Files</Filter>
    </ClCompile>
    <ClCompile Include="GLUTMain.cpp">
      <Filter>Source Files</Filter>
    </ClCompile>
    <ClCompile Include="cSistema.cpp">
      <Filter>Source Files</Filter>
    </ClCompile>
    <ClCompile Include="cNaveEspacial.cpp">
      <Filter>Source Files</Filter>
    </ClCompile>
    <ClCompile Include="cSprite.cpp">
      <Filter>Source Files</Filter>
    </ClCompile>
    <ClCompile Include="cNivel.cpp">
      <Filter>Source Files</Filter>
    </ClCompile>
    <ClCompile Include="cDisparoNave.cpp">
      <Filter>Source Files</Filter>
    </ClCompile>
    <ClCompile Include="cDisparoEnemigo.cpp">
      <Filter>Source Files</Filter>
    </ClCompile>
    <ClCompile Include="cEnemigo1.cpp">
      <Filter>Source Files</Filter>
    </ClCompile>
    <ClCompile Include="cEnemigo2.cpp">
      <Filter>Source Files</Filter>
    </ClCompile>
    <ClCompile Include="cEscudo.cpp">
      <Filter>Source Files</Filter>
    </ClCompile>
    <ClCompile Include="cNivel1.cpp">
      <Filter>Source Files</Filter>
    </ClCompile>
    <ClCompile Include="cHud.cpp">
      <Filter>Source Files</Filter>
    </ClCompile>
    <ClCompile Include="cEnemigoItem.cpp">
      <Filter>Source Files</Filter>
    </ClCompile>
    <ClCompile Include="cItem.cpp">
      <Filter>Source Files</Filter>
    </ClCompile>
    <ClCompile Include="cDisparoEscudo.cpp">
      <Filter>Source Files</Filter>
    </ClCompile>
    <ClCompile Include="cJefe1.cpp">
      <Filter>Source Files</Filter>
    </ClCompile>
    <ClCompile Include="cDisparoJefe1.cpp">
      <Filter>Source Files</Filter>
    </ClCompile>
  </ItemGroup>
  <ItemGroup>
    <ClInclude Include="cData.h">
      <Filter>Header Files</Filter>
    </ClInclude>
    <ClInclude Include="cGame.h">
      <Filter>Header Files</Filter>
    </ClInclude>
    <ClInclude Include="cPlayer.h">
      <Filter>Header Files</Filter>
    </ClInclude>
    <ClInclude Include="cTexture.h">
      <Filter>Header Files</Filter>
    </ClInclude>
    <ClInclude Include="Globals.h">
      <Filter>Header Files</Filter>
    </ClInclude>
    <ClInclude Include="cSistema.h">
      <Filter>Header Files</Filter>
    </ClInclude>
    <ClInclude Include="cNaveEspacial.h">
      <Filter>Header Files</Filter>
    </ClInclude>
    <ClInclude Include="cDisparo.h">
      <Filter>Header Files</Filter>
    </ClInclude>
    <ClInclude Include="cEnemigo.h">
      <Filter>Header Files</Filter>
    </ClInclude>
    <ClInclude Include="cItem.h">
      <Filter>Header Files</Filter>
    </ClInclude>
    <ClInclude Include="cNivel.h">
      <Filter>Header Files</Filter>
    </ClInclude>
    <ClInclude Include="cEscudo.h">
      <Filter>Header Files</Filter>
    </ClInclude>
    <ClInclude Include="cHud.h">
      <Filter>Header Files</Filter>
    </ClInclude>
  </ItemGroup>
</Project>